
Microsoft Visual Studio Solution File, Format Version 12.00
# Visual Studio Version 16
VisualStudioVersion = 16.0.31729.503
MinimumVisualStudioVersion = 10.0.40219.1
Project("{FAE04EC0-301F-11D3-BF4B-00C04F79EFBC}") = "WindowsFormsApp1", "WindowsFormsApp1\WindowsFormsApp1.csproj", "{0BEB0E4D-6BD0-4169-9584-93F359BCB4CF}"
EndProject
Global
	GlobalSection(SolutionConfigurationPlatforms) = preSolution
		Debug|Any CPU = Debug|Any CPU
		Release|Any CPU = Release|Any CPU
	EndGlobalSection
	GlobalSection(ProjectConfigurationPlatforms) = postSolution
		{0BEB0E4D-6BD0-4169-9584-93F359BCB4CF}.Debug|Any CPU.ActiveCfg = Debug|Any CPU
		{0BEB0E4D-6BD0-4169-9584-93F359BCB4CF}.Debug|Any CPU.Build.0 = Debug|Any CPU
		{0BEB0E4D-6BD0-4169-9584-93F359BCB4CF}.Release|Any CPU.ActiveCfg = Release|Any CPU
		{0BEB0E4D-6BD0-4169-9584-93F359BCB4CF}.Release|Any CPU.Build.0 = Release|Any CPU
	EndGlobalSection
	GlobalSection(SolutionProperties) = preSolution
		HideSolutionNode = FALSE
	EndGlobalSection
	GlobalSection(ExtensibilityGlobals) = postSolution
		SolutionGuid = {5B02490D-B43D-4F45-A8DD-4CB27B0FF5D1}
	EndGlobalSection
EndGlobal
